
Microsoft Visual Studio Solution File, Format Version 12.00
# Visual Studio Version 16
VisualStudioVersion = 16.0.30907.101
MinimumVisualStudioVersion = 10.0.40219.1
Project("{FAE04EC0-301F-11D3-BF4B-00C04F79EFBC}") = "MobileDevelopment.Android", "MobileDevelopment\MobileDevelopment.Android\MobileDevelopment.Android.csproj", "{22864A54-8373-4D33-B706-0B1062F71D08}"
EndProject
Project("{FAE04EC0-301F-11D3-BF4B-00C04F79EFBC}") = "MobileDevelopment", "MobileDevelopment\MobileDevelopment\MobileDevelopment.csproj", "{F64A4DB8-FE54-43E7-BF0E-54E24EAFC808}"
EndProject
Project("{FAE04EC0-301F-11D3-BF4B-00C04F79EFBC}") = "MobileDevelopment.UnitTesting", "MobileDevelopment.UnitTesting\MobileDevelopment.UnitTesting.csproj", "{2C850BDB-93D7-477E-8874-80D85FB537D1}"
EndProject
Global
	GlobalSection(SolutionConfigurationPlatforms) = preSolution
		Debug|Any CPU = Debug|Any CPU
		Release|Any CPU = Release|Any CPU
	EndGlobalSection
	GlobalSection(ProjectConfigurationPlatforms) = postSolution
		{22864A54-8373-4D33-B706-0B1062F71D08}.Debug|Any CPU.ActiveCfg = Debug|Any CPU
		{22864A54-8373-4D33-B706-0B1062F71D08}.Debug|Any CPU.Build.0 = Debug|Any CPU
		{22864A54-8373-4D33-B706-0B1062F71D08}.Debug|Any CPU.Deploy.0 = Debug|Any CPU
		{22864A54-8373-4D33-B706-0B1062F71D08}.Release|Any CPU.ActiveCfg = Release|Any CPU
		{22864A54-8373-4D33-B706-0B1062F71D08}.Release|Any CPU.Build.0 = Release|Any CPU
		{22864A54-8373-4D33-B706-0B1062F71D08}.Release|Any CPU.Deploy.0 = Release|Any CPU
		{F64A4DB8-FE54-43E7-BF0E-54E24EAFC808}.Debug|Any CPU.ActiveCfg = Debug|Any CPU
		{F64A4DB8-FE54-43E7-BF0E-54E24EAFC808}.Debug|Any CPU.Build.0 = Debug|Any CPU
		{F64A4DB8-FE54-43E7-BF0E-54E24EAFC808}.Debug|Any CPU.Deploy.0 = Debug|Any CPU
		{F64A4DB8-FE54-43E7-BF0E-54E24EAFC808}.Release|Any CPU.ActiveCfg = Release|Any CPU
		{F64A4DB8-FE54-43E7-BF0E-54E24EAFC808}.Release|Any CPU.Build.0 = Release|Any CPU
		{F64A4DB8-FE54-43E7-BF0E-54E24EAFC808}.Release|Any CPU.Deploy.0 = Release|Any CPU
		{2C850BDB-93D7-477E-8874-80D85FB537D1}.Debug|Any CPU.ActiveCfg = Debug|Any CPU
		{2C850BDB-93D7-477E-8874-80D85FB537D1}.Debug|Any CPU.Build.0 = Debug|Any CPU
		{2C850BDB-93D7-477E-8874-80D85FB537D1}.Release|Any CPU.ActiveCfg = Release|Any CPU
		{2C850BDB-93D7-477E-8874-80D85FB537D1}.Release|Any CPU.Build.0 = Release|Any CPU
	EndGlobalSection
	GlobalSection(SolutionProperties) = preSolution
		HideSolutionNode = FALSE
	EndGlobalSection
	GlobalSection(ExtensibilityGlobals) = postSolution
		SolutionGuid = {57594B79-3D6A-4A4D-9110-269EE065BD99}
	EndGlobalSection
EndGlobal
